// !$*UTF8*$!
{
	archiveVersion = 1;
	classes = {
	};
	objectVersion = 77;
	objects = {

/* Begin PBXBuildFile section */
		F7B8230AF2FF3E3F8001FE59B /* XCTest.framework in Frameworks */ = {isa = PBXBuildFile; fileRef = F7B82304F2FF3E3F8001FE59B /* XCTest.framework */; };
/* End PBXBuildFile section */

/* Begin PBXContainerItemProxy section */
		F7B8230BF2FF3E3F8001FE59B /* PBXContainerItemProxy */ = {
			isa = PBXContainerItemProxy;
			containerPortal = F7B822E52FF3E3F7001FE59B /* Project object */;
			proxyType = 1;
			remoteGlobalIDString = F7B822EC2FF3E3F7001FE59B;
			remoteInfo = Lookals;
		};
/* End PBXContainerItemProxy section */

/* Begin PBXFileReference section */
		F7B822ED2FF3E3F7001FE59B /* Lookals.app */ = {isa = PBXFileReference; explicitFileType = wrapper.application; includeInIndex = 0; path = Lookals.app; sourceTree = BUILT_PRODUCTS_DIR; };
		F7B823002FF3E3F8001FE59B /* Signing.xcconfig */ = {isa = PBXFileReference; lastKnownFileType = text.xcconfig; path = Signing.xcconfig; sourceTree = "<group>"; };
		F7B82303F2FF3E3F8001FE59B /* LookalsTests.xctest */ = {isa = PBXFileReference; explicitFileType = wrapper.cfbundle; includeInIndex = 0; path = LookalsTests.xctest; sourceTree = BUILT_PRODUCTS_DIR; };
		F7B82304F2FF3E3F8001FE59B /* XCTest.framework */ = {isa = PBXFileReference; lastKnownFileType = wrapper.framework; name = XCTest.framework; path = System/Library/Frameworks/XCTest.framework; sourceTree = SDKROOT; };
/* End PBXFileReference section */

/* Begin PBXFileSystemSynchronizedBuildFileExceptionSet section */
		72B1D61930023FA1003FA2C7 /* Exceptions for "Lookals" folder in "Lookals" target */ = {
			isa = PBXFileSystemSynchronizedBuildFileExceptionSet;
			membershipExceptions = (
				Info.plist,
			);
			target = F7B822EC2FF3E3F7001FE59B /* Lookals */;
		};
/* End PBXFileSystemSynchronizedBuildFileExceptionSet section */

/* Begin PBXFileSystemSynchronizedRootGroup section */
		F7B822EF2FF3E3F7001FE59B /* Lookals */ = {
			isa = PBXFileSystemSynchronizedRootGroup;
			exceptions = (
				72B1D61930023FA1003FA2C7 /* Exceptions for "Lookals" folder in "Lookals" target */,
			);
			path = Lookals;
			sourceTree = "<group>";
		};
		F7B82305F2FF3E3F8001FE59B /* LookalsTests */ = {
			isa = PBXFileSystemSynchronizedRootGroup;
			path = LookalsTests;
			sourceTree = "<group>";
		};
/* End PBXFileSystemSynchronizedRootGroup section */

/* Begin PBXFrameworksBuildPhase section */
		F7B822EA2FF3E3F7001FE59B /* Frameworks */ = {
			isa = PBXFrameworksBuildPhase;
			buildActionMask = 2147483647;
			files = (
			);
			runOnlyForDeploymentPostprocessing = 0;
		};
		F7B82306F2FF3E3F8001FE59B /* Frameworks */ = {
			isa = PBXFrameworksBuildPhase;
			buildActionMask = 2147483647;
			files = (
				F7B8230AF2FF3E3F8001FE59B /* XCTest.framework in Frameworks */,
			);
			runOnlyForDeploymentPostprocessing = 0;
		};
/* End PBXFrameworksBuildPhase section */

/* Begin PBXGroup section */
		F777C083300409F700F06423 /* Recovered References */ = {
			isa = PBXGroup;
			children = (
				F7B82304F2FF3E3F8001FE59B /* XCTest.framework */,
			);
			name = "Recovered References";
			sourceTree = "<group>";
		};
		F7B822E42FF3E3F7001FE59B = {
			isa = PBXGroup;
			children = (
				F7B823012FF3E3F8001FE59B /* Config */,
				F7B822EF2FF3E3F7001FE59B /* Lookals */,
				F7B82305F2FF3E3F8001FE59B /* LookalsTests */,
				F7B822EE2FF3E3F7001FE59B /* Products */,
				F777C083300409F700F06423 /* Recovered References */,
			);
			sourceTree = "<group>";
		};
		F7B822EE2FF3E3F7001FE59B /* Products */ = {
			isa = PBXGroup;
			children = (
				F7B822ED2FF3E3F7001FE59B /* Lookals.app */,
				F7B82303F2FF3E3F8001FE59B /* LookalsTests.xctest */,
			);
			name = Products;
			sourceTree = "<group>";
		};
		F7B823012FF3E3F8001FE59B /* Config */ = {
			isa = PBXGroup;
			children = (
				F7B823002FF3E3F8001FE59B /* Signing.xcconfig */,
			);
			path = Config;
			sourceTree = "<group>";
		};
/* End PBXGroup section */

/* Begin PBXNativeTarget section */
		F7B822EC2FF3E3F7001FE59B /* Lookals */ = {
			isa = PBXNativeTarget;
			buildConfigurationList = F7B822F82FF3E3F8001FE59B /* Build configuration list for PBXNativeTarget "Lookals" */;
			buildPhases = (
				F7B822E92FF3E3F7001FE59B /* Sources */,
				F7B822EA2FF3E3F7001FE59B /* Frameworks */,
				F7B822EB2FF3E3F7001FE59B /* Resources */,
			);
			buildRules = (
			);
			dependencies = (
			);
			fileSystemSynchronizedGroups = (
				F7B822EF2FF3E3F7001FE59B /* Lookals */,
			);
			name = Lookals;
			packageProductDependencies = (
			);
			productName = Lookals;
			productReference = F7B822ED2FF3E3F7001FE59B /* Lookals.app */;
			productType = "com.apple.product-type.application";
		};
		F7B82308F2FF3E3F8001FE59B /* LookalsTests */ = {
			isa = PBXNativeTarget;
			buildConfigurationList = F7B82312F2FF3E3F8001FE59B /* Build configuration list for PBXNativeTarget "LookalsTests" */;
			buildPhases = (
				F7B82307F2FF3E3F8001FE59B /* Sources */,
				F7B82306F2FF3E3F8001FE59B /* Frameworks */,
				F7B8230CF2FF3E3F8001FE59B /* Resources */,
			);
			buildRules = (
			);
			dependencies = (
				F7B8230DF2FF3E3F8001FE59B /* PBXTargetDependency */,
			);
			fileSystemSynchronizedGroups = (
				F7B82305F2FF3E3F8001FE59B /* LookalsTests */,
			);
			name = LookalsTests;
			packageProductDependencies = (
			);
			productName = LookalsTests;
			productReference = F7B82303F2FF3E3F8001FE59B /* LookalsTests.xctest */;
			productType = "com.apple.product-type.bundle.unit-test";
		};
/* End PBXNativeTarget section */

/* Begin PBXProject section */
		F7B822E52FF3E3F7001FE59B /* Project object */ = {
			isa = PBXProject;
			attributes = {
				BuildIndependentTargetsInParallel = 1;
				LastSwiftUpdateCheck = 2660;
				LastUpgradeCheck = 2660;
				TargetAttributes = {
					F7B822EC2FF3E3F7001FE59B = {
						CreatedOnToolsVersion = 26.6;
						SystemCapabilities = {
							com.apple.iCloud = {
								enabled = 1;
							};
						};
					};
					F7B82308F2FF3E3F8001FE59B = {
						CreatedOnToolsVersion = 26.6;
						TestTargetID = F7B822EC2FF3E3F7001FE59B;
					};
				};
			};
			buildConfigurationList = F7B822E82FF3E3F7001FE59B /* Build configuration list for PBXProject "Lookals" */;
			developmentRegion = en;
			hasScannedForEncodings = 0;
			knownRegions = (
				en,
				Base,
			);
			mainGroup = F7B822E42FF3E3F7001FE59B;
			minimizedProjectReferenceProxies = 1;
			preferredProjectObjectVersion = 77;
			productRefGroup = F7B822EE2FF3E3F7001FE59B /* Products */;
			projectDirPath = "";
			projectRoot = "";
			targets = (
				F7B822EC2FF3E3F7001FE59B /* Lookals */,
				F7B82308F2FF3E3F8001FE59B /* LookalsTests */,
			);
		};
/* End PBXProject section */

/* Begin PBXResourcesBuildPhase section */
		F7B822EB2FF3E3F7001FE59B /* Resources */ = {
			isa = PBXResourcesBuildPhase;
			buildActionMask = 2147483647;
			files = (
			);
			runOnlyForDeploymentPostprocessing = 0;
		};
		F7B8230CF2FF3E3F8001FE59B /* Resources */ = {
			isa = PBXResourcesBuildPhase;
			buildActionMask = 2147483647;
			files = (
			);
			runOnlyForDeploymentPostprocessing = 0;
		};
/* End PBXResourcesBuildPhase section */

/* Begin PBXSourcesBuildPhase section */
		F7B822E92FF3E3F7001FE59B /* Sources */ = {
			isa = PBXSourcesBuildPhase;
			buildActionMask = 2147483647;
			files = (
			);
			runOnlyForDeploymentPostprocessing = 0;
		};
		F7B82307F2FF3E3F8001FE59B /* Sources */ = {
			isa = PBXSourcesBuildPhase;
			buildActionMask = 2147483647;
			files = (
			);
			runOnlyForDeploymentPostprocessing = 0;
		};
/* End PBXSourcesBuildPhase section */

/* Begin PBXTargetDependency section */
		F7B8230DF2FF3E3F8001FE59B /* PBXTargetDependency */ = {
			isa = PBXTargetDependency;
			target = F7B822EC2FF3E3F7001FE59B /* Lookals */;
			targetProxy = F7B8230BF2FF3E3F8001FE59B /* PBXContainerItemProxy */;
		};
/* End PBXTargetDependency section */

/* Begin XCBuildConfiguration section */
		F7B822F62FF3E3F8001FE59B /* Debug */ = {
			isa = XCBuildConfiguration;
			baseConfigurationReference = F7B823002FF3E3F8001FE59B /* Signing.xcconfig */;
			buildSettings = {
				ALWAYS_SEARCH_USER_PATHS = NO;
				ASSETCATALOG_COMPILER_GENERATE_SWIFT_ASSET_SYMBOL_EXTENSIONS = YES;
				CLANG_ANALYZER_NONNULL = YES;
				CLANG_ANALYZER_NUMBER_OBJECT_CONVERSION = YES_AGGRESSIVE;
				CLANG_CXX_LANGUAGE_STANDARD = "gnu++20";
				CLANG_ENABLE_MODULES = YES;
				CLANG_ENABLE_OBJC_ARC = YES;
				CLANG_ENABLE_OBJC_WEAK = YES;
				CLANG_WARN_BLOCK_CAPTURE_AUTORELEASING = YES;
				CLANG_WARN_BOOL_CONVERSION = YES;
				CLANG_WARN_COMMA = YES;
				CLANG_WARN_CONSTANT_CONVERSION = YES;
				CLANG_WARN_DEPRECATED_OBJC_IMPLEMENTATIONS = YES;
				CLANG_WARN_DIRECT_OBJC_ISA_USAGE = YES_ERROR;
				CLANG_WARN_DOCUMENTATION_COMMENTS = YES;
				CLANG_WARN_EMPTY_BODY = YES;
				CLANG_WARN_ENUM_CONVERSION = YES;
				CLANG_WARN_INFINITE_RECURSION = YES;
				CLANG_WARN_INT_CONVERSION = YES;
				CLANG_WARN_NON_LITERAL_NULL_CONVERSION = YES;
				CLANG_WARN_OBJC_IMPLICIT_RETAIN_SELF = YES;
				CLANG_WARN_OBJC_LITERAL_CONVERSION = YES;
				CLANG_WARN_OBJC_ROOT_CLASS = YES_ERROR;
				CLANG_WARN_QUOTED_INCLUDE_IN_FRAMEWORK_HEADER = YES;
				CLANG_WARN_RANGE_LOOP_ANALYSIS = YES;
				CLANG_WARN_STRICT_PROTOTYPES = YES;
				CLANG_WARN_SUSPICIOUS_MOVE = YES;
				CLANG_WARN_UNGUARDED_AVAILABILITY = YES_AGGRESSIVE;
				CLANG_WARN_UNREACHABLE_CODE = YES;
				CLANG_WARN__DUPLICATE_METHOD_MATCH = YES;
				COPY_PHASE_STRIP = NO;
				DEBUG_INFORMATION_FORMAT = dwarf;
				DEVELOPMENT_TEAM = "$(LOOKALS_DEVELOPMENT_TEAM)";
				ENABLE_STRICT_OBJC_MSGSEND = YES;
				ENABLE_TESTABILITY = YES;
				ENABLE_USER_SCRIPT_SANDBOXING = YES;
				GCC_C_LANGUAGE_STANDARD = gnu17;
				GCC_DYNAMIC_NO_PIC = NO;
				GCC_NO_COMMON_BLOCKS = YES;
				GCC_OPTIMIZATION_LEVEL = 0;
				GCC_PREPROCESSOR_DEFINITIONS = (
					"DEBUG=1",
					"$(inherited)",
				);
				GCC_WARN_64_TO_32_BIT_CONVERSION = YES;
				GCC_WARN_ABOUT_RETURN_TYPE = YES_ERROR;
				GCC_WARN_UNDECLARED_SELECTOR = YES;
				GCC_WARN_UNINITIALIZED_AUTOS = YES_AGGRESSIVE;
				GCC_WARN_UNUSED_FUNCTION = YES;
				GCC_WARN_UNUSED_VARIABLE = YES;
				INFOPLIST_KEY_NSCameraUsageDescription = "Lookals uses the camera to scan quest QR codes and take quest photos.";
				IPHONEOS_DEPLOYMENT_TARGET = 26.5;
				LOCALIZATION_PREFERS_STRING_CATALOGS = YES;
				MTL_ENABLE_DEBUG_INFO = INCLUDE_SOURCE;
				MTL_FAST_MATH = YES;
				ONLY_ACTIVE_ARCH = YES;
				SDKROOT = iphoneos;
				SWIFT_ACTIVE_COMPILATION_CONDITIONS = "DEBUG $(inherited)";
				SWIFT_OPTIMIZATION_LEVEL = "-Onone";
			};
			name = Debug;
		};
		F7B822F72FF3E3F8001FE59B /* Release */ = {
			isa = XCBuildConfiguration;
			baseConfigurationReference = F7B823002FF3E3F8001FE59B /* Signing.xcconfig */;
			buildSettings = {
				ALWAYS_SEARCH_USER_PATHS = NO;
				ASSETCATALOG_COMPILER_GENERATE_SWIFT_ASSET_SYMBOL_EXTENSIONS = YES;
				CLANG_ANALYZER_NONNULL = YES;
				CLANG_ANALYZER_NUMBER_OBJECT_CONVERSION = YES_AGGRESSIVE;
				CLANG_CXX_LANGUAGE_STANDARD = "gnu++20";
				CLANG_ENABLE_MODULES = YES;
				CLANG_ENABLE_OBJC_ARC = YES;
				CLANG_ENABLE_OBJC_WEAK = YES;
				CLANG_WARN_BLOCK_CAPTURE_AUTORELEASING = YES;
				CLANG_WARN_BOOL_CONVERSION = YES;
				CLANG_WARN_COMMA = YES;
				CLANG_WARN_CONSTANT_CONVERSION = YES;
				CLANG_WARN_DEPRECATED_OBJC_IMPLEMENTATIONS = YES;
				CLANG_WARN_DIRECT_OBJC_ISA_USAGE = YES_ERROR;
				CLANG_WARN_DOCUMENTATION_COMMENTS = YES;
				CLANG_WARN_EMPTY_BODY = YES;
				CLANG_WARN_ENUM_CONVERSION = YES;
				CLANG_WARN_INFINITE_RECURSION = YES;
				CLANG_WARN_INT_CONVERSION = YES;
				CLANG_WARN_NON_LITERAL_NULL_CONVERSION = YES;
				CLANG_WARN_OBJC_IMPLICIT_RETAIN_SELF = YES;
				CLANG_WARN_OBJC_LITERAL_CONVERSION = YES;
				CLANG_WARN_OBJC_ROOT_CLASS = YES_ERROR;
				CLANG_WARN_QUOTED_INCLUDE_IN_FRAMEWORK_HEADER = YES;
				CLANG_WARN_RANGE_LOOP_ANALYSIS = YES;
				CLANG_WARN_STRICT_PROTOTYPES = YES;
				CLANG_WARN_SUSPICIOUS_MOVE = YES;
				CLANG_WARN_UNGUARDED_AVAILABILITY = YES_AGGRESSIVE;
				CLANG_WARN_UNREACHABLE_CODE = YES;
				CLANG_WARN__DUPLICATE_METHOD_MATCH = YES;
				COPY_PHASE_STRIP = NO;
				DEBUG_INFORMATION_FORMAT = "dwarf-with-dsym";
				DEVELOPMENT_TEAM = "$(LOOKALS_DEVELOPMENT_TEAM)";
				ENABLE_NS_ASSERTIONS = NO;
				ENABLE_STRICT_OBJC_MSGSEND = YES;
				ENABLE_USER_SCRIPT_SANDBOXING = YES;
				GCC_C_LANGUAGE_STANDARD = gnu17;
				GCC_NO_COMMON_BLOCKS = YES;
				GCC_WARN_64_TO_32_BIT_CONVERSION = YES;
				GCC_WARN_ABOUT_RETURN_TYPE = YES_ERROR;
				GCC_WARN_UNDECLARED_SELECTOR = YES;
				GCC_WARN_UNINITIALIZED_AUTOS = YES_AGGRESSIVE;
				GCC_WARN_UNUSED_FUNCTION = YES;
				GCC_WARN_UNUSED_VARIABLE = YES;
				INFOPLIST_KEY_NSCameraUsageDescription = "Lookals uses the camera to scan quest QR codes and take quest photos.";
				IPHONEOS_DEPLOYMENT_TARGET = 26.5;
				LOCALIZATION_PREFERS_STRING_CATALOGS = YES;
				MTL_ENABLE_DEBUG_INFO = NO;
				MTL_FAST_MATH = YES;
				SDKROOT = iphoneos;
				SWIFT_COMPILATION_MODE = wholemodule;
				VALIDATE_PRODUCT = YES;
			};
			name = Release;
		};
		F7B822F92FF3E3F8001FE59B /* Debug */ = {
			isa = XCBuildConfiguration;
			baseConfigurationReference = F7B823002FF3E3F8001FE59B /* Signing.xcconfig */;
			buildSettings = {
				ASSETCATALOG_COMPILER_APPICON_NAME = AppIcon;
				ASSETCATALOG_COMPILER_GLOBAL_ACCENT_COLOR_NAME = AccentColor;
				CODE_SIGN_ENTITLEMENTS = "$(LOOKALS_CODE_SIGN_ENTITLEMENTS)";
				CODE_SIGN_STYLE = Automatic;
				CURRENT_PROJECT_VERSION = 1;
				DEVELOPMENT_TEAM = "$(LOOKALS_DEVELOPMENT_TEAM)";
				ENABLE_PREVIEWS = YES;
				GENERATE_INFOPLIST_FILE = YES;
				INFOPLIST_FILE = Lookals/Info.plist;
				INFOPLIST_KEY_NSCameraUsageDescription = "Lookals uses the camera to add photos to your memories.";
				INFOPLIST_KEY_NSLocationWhenInUseUsageDescription = "Lookals uses your location to confirm meeting-point and checkpoint arrivals during guided tours.";
				INFOPLIST_KEY_UIApplicationSceneManifest_Generation = YES;
				INFOPLIST_KEY_UIApplicationSupportsIndirectInputEvents = YES;
				INFOPLIST_KEY_UILaunchScreen_Generation = YES;
				INFOPLIST_KEY_UISupportedInterfaceOrientations_iPad = "UIInterfaceOrientationPortrait UIInterfaceOrientationPortraitUpsideDown UIInterfaceOrientationLandscapeLeft UIInterfaceOrientationLandscapeRight";
				INFOPLIST_KEY_UISupportedInterfaceOrientations_iPhone = "UIInterfaceOrientationPortrait UIInterfaceOrientationLandscapeLeft UIInterfaceOrientationLandscapeRight";
				IPHONEOS_DEPLOYMENT_TARGET = 26.0;
				LD_RUNPATH_SEARCH_PATHS = (
					"$(inherited)",
					"@executable_path/Frameworks",
				);
				MARKETING_VERSION = 1.0;
				PRODUCT_BUNDLE_IDENTIFIER = "$(LOOKALS_BUNDLE_IDENTIFIER)";
				PRODUCT_NAME = "$(TARGET_NAME)";
				STRING_CATALOG_GENERATE_SYMBOLS = YES;
				SWIFT_ACTIVE_COMPILATION_CONDITIONS = "$(inherited) $(LOOKALS_SWIFT_ACTIVE_COMPILATION_CONDITIONS)";
				SWIFT_APPROACHABLE_CONCURRENCY = YES;
				SWIFT_DEFAULT_ACTOR_ISOLATION = MainActor;
				SWIFT_EMIT_LOC_STRINGS = YES;
				SWIFT_UPCOMING_FEATURE_MEMBER_IMPORT_VISIBILITY = YES;
				SWIFT_VERSION = 5.0;
				TARGETED_DEVICE_FAMILY = "1,2";
			};
			name = Debug;
		};
		F7B822FA2FF3E3F8001FE59B /* Release */ = {
			isa = XCBuildConfiguration;
			baseConfigurationReference = F7B823002FF3E3F8001FE59B /* Signing.xcconfig */;
			buildSettings = {
				ASSETCATALOG_COMPILER_APPICON_NAME = AppIcon;
				ASSETCATALOG_COMPILER_GLOBAL_ACCENT_COLOR_NAME = AccentColor;
				CODE_SIGN_ENTITLEMENTS = "$(LOOKALS_CODE_SIGN_ENTITLEMENTS)";
				CODE_SIGN_STYLE = Automatic;
				CURRENT_PROJECT_VERSION = 1;
				DEVELOPMENT_TEAM = "$(LOOKALS_DEVELOPMENT_TEAM)";
				ENABLE_PREVIEWS = YES;
				GENERATE_INFOPLIST_FILE = YES;
				INFOPLIST_FILE = Lookals/Info.plist;
				INFOPLIST_KEY_NSCameraUsageDescription = "Lookals uses the camera to add photos to your memories.";
				INFOPLIST_KEY_NSLocationWhenInUseUsageDescription = "Lookals uses your location to confirm meeting-point and checkpoint arrivals during guided tours.";
				INFOPLIST_KEY_UIApplicationSceneManifest_Generation = YES;
				INFOPLIST_KEY_UIApplicationSupportsIndirectInputEvents = YES;
				INFOPLIST_KEY_UILaunchScreen_Generation = YES;
				INFOPLIST_KEY_UISupportedInterfaceOrientations_iPad = "UIInterfaceOrientationPortrait UIInterfaceOrientationPortraitUpsideDown UIInterfaceOrientationLandscapeLeft UIInterfaceOrientationLandscapeRight";
				INFOPLIST_KEY_UISupportedInterfaceOrientations_iPhone = "UIInterfaceOrientationPortrait UIInterfaceOrientationLandscapeLeft UIInterfaceOrientationLandscapeRight";
				IPHONEOS_DEPLOYMENT_TARGET = 26.0;
				LD_RUNPATH_SEARCH_PATHS = (
					"$(inherited)",
					"@executable_path/Frameworks",
				);
				MARKETING_VERSION = 1.0;
				PRODUCT_BUNDLE_IDENTIFIER = "$(LOOKALS_BUNDLE_IDENTIFIER)";
				PRODUCT_NAME = "$(TARGET_NAME)";
				STRING_CATALOG_GENERATE_SYMBOLS = YES;
				SWIFT_ACTIVE_COMPILATION_CONDITIONS = "$(inherited) $(LOOKALS_SWIFT_ACTIVE_COMPILATION_CONDITIONS)";
				SWIFT_APPROACHABLE_CONCURRENCY = YES;
				SWIFT_DEFAULT_ACTOR_ISOLATION = MainActor;
				SWIFT_EMIT_LOC_STRINGS = YES;
				SWIFT_UPCOMING_FEATURE_MEMBER_IMPORT_VISIBILITY = YES;
				SWIFT_VERSION = 5.0;
				TARGETED_DEVICE_FAMILY = "1,2";
			};
			name = Release;
		};
		F7B8230EF2FF3E3F8001FE59B /* Debug */ = {
			isa = XCBuildConfiguration;
			baseConfigurationReference = F7B823002FF3E3F8001FE59B /* Signing.xcconfig */;
			buildSettings = {
				BUNDLE_LOADER = "$(TEST_HOST)";
				CODE_SIGN_STYLE = Automatic;
				CURRENT_PROJECT_VERSION = 1;
				DEVELOPMENT_TEAM = "$(LOOKALS_DEVELOPMENT_TEAM)";
				GENERATE_INFOPLIST_FILE = YES;
				IPHONEOS_DEPLOYMENT_TARGET = 26.0;
				LD_RUNPATH_SEARCH_PATHS = (
					"$(inherited)",
					"@executable_path/Frameworks",
					"@loader_path/Frameworks",
				);
				PRODUCT_BUNDLE_IDENTIFIER = "$(LOOKALS_BUNDLE_IDENTIFIER).tests";
				PRODUCT_NAME = "$(TARGET_NAME)";
				SWIFT_DEFAULT_ACTOR_ISOLATION = MainActor;
				SWIFT_VERSION = 5.0;
				TARGETED_DEVICE_FAMILY = "1,2";
				TEST_HOST = "$(BUILT_PRODUCTS_DIR)/Lookals.app/Lookals";
			};
			name = Debug;
		};
		F7B8230FF2FF3E3F8001FE59B /* Release */ = {
			isa = XCBuildConfiguration;
			baseConfigurationReference = F7B823002FF3E3F8001FE59B /* Signing.xcconfig */;
			buildSettings = {
				BUNDLE_LOADER = "$(TEST_HOST)";
				CODE_SIGN_STYLE = Automatic;
				CURRENT_PROJECT_VERSION = 1;
				DEVELOPMENT_TEAM = "$(LOOKALS_DEVELOPMENT_TEAM)";
				GENERATE_INFOPLIST_FILE = YES;
				IPHONEOS_DEPLOYMENT_TARGET = 26.0;
				LD_RUNPATH_SEARCH_PATHS = (
					"$(inherited)",
					"@executable_path/Frameworks",
					"@loader_path/Frameworks",
				);
				PRODUCT_BUNDLE_IDENTIFIER = "$(LOOKALS_BUNDLE_IDENTIFIER).tests";
				PRODUCT_NAME = "$(TARGET_NAME)";
				SWIFT_DEFAULT_ACTOR_ISOLATION = MainActor;
				SWIFT_VERSION = 5.0;
				TARGETED_DEVICE_FAMILY = "1,2";
				TEST_HOST = "$(BUILT_PRODUCTS_DIR)/Lookals.app/Lookals";
			};
			name = Release;
		};
/* End XCBuildConfiguration section */

/* Begin XCConfigurationList section */
		F7B822E82FF3E3F7001FE59B /* Build configuration list for PBXProject "Lookals" */ = {
			isa = XCConfigurationList;
			buildConfigurations = (
				F7B822F62FF3E3F8001FE59B /* Debug */,
				F7B822F72FF3E3F8001FE59B /* Release */,
			);
			defaultConfigurationIsVisible = 0;
			defaultConfigurationName = Release;
		};
		F7B822F82FF3E3F8001FE59B /* Build configuration list for PBXNativeTarget "Lookals" */ = {
			isa = XCConfigurationList;
			buildConfigurations = (
				F7B822F92FF3E3F8001FE59B /* Debug */,
				F7B822FA2FF3E3F8001FE59B /* Release */,
			);
			defaultConfigurationIsVisible = 0;
			defaultConfigurationName = Release;
		};
		F7B82312F2FF3E3F8001FE59B /* Build configuration list for PBXNativeTarget "LookalsTests" */ = {
			isa = XCConfigurationList;
			buildConfigurations = (
				F7B8230EF2FF3E3F8001FE59B /* Debug */,
				F7B8230FF2FF3E3F8001FE59B /* Release */,
			);
			defaultConfigurationIsVisible = 0;
			defaultConfigurationName = Release;
		};
/* End XCConfigurationList section */
	};
	rootObject = F7B822E52FF3E3F7001FE59B /* Project object */;
}
